
Microsoft Visual Studio Solution File, Format Version 12.00
# Visual Studio 15
VisualStudioVersion = 15.0.27004.2002
MinimumVisualStudioVersion = 10.0.40219.1
Project("{FAE04EC0-301F-11D3-BF4B-00C04F79EFBC}") = "PowerBI.Api", "PowerBI.Api\PowerBI.Api.csproj", "{1EE969AD-7923-4855-AACA-2A1B790BB0F1}"
EndProject
Project("{2150E333-8FDC-42A3-9474-1A3956D46DE8}") = "Api", "Api", "{DCD4C983-2786-41C7-9A9C-36A9462673B4}"
	ProjectSection(SolutionItems) = preProject
		swagger.json = swagger.json
	EndProjectSection
EndProject
Project("{2150E333-8FDC-42A3-9474-1A3956D46DE8}") = "Packages", "Packages", "{5FD8CA7D-970C-44D6-B18F-ABAE87376D9E}"
EndProject
Project("{2150E333-8FDC-42A3-9474-1A3956D46DE8}") = ".nuget", ".nuget", "{E1DD77B5-5029-4541-8316-65AA9BFEBCDE}"
	ProjectSection(SolutionItems) = preProject
		.nuget\NuGet.Config = .nuget\NuGet.Config
	EndProjectSection
EndProject
Project("{2150E333-8FDC-42A3-9474-1A3956D46DE8}") = ".build", ".build", "{73F16872-F2E9-4B09-BFC7-F7067F4F2DB9}"
	ProjectSection(SolutionItems) = preProject
		tools\ApplyVersionToAssemblies.ps1 = tools\ApplyVersionToAssemblies.ps1
	EndProjectSection
EndProject
Project("{FAE04EC0-301F-11D3-BF4B-00C04F79EFBC}") = "PowerBI.Api.Tests", "PowerBI.Api.Tests\PowerBI.Api.Tests.csproj", "{5B5B3510-BFB9-4C0A-8C3D-970016E20329}"
EndProject
Project("{2150E333-8FDC-42A3-9474-1A3956D46DE8}") = "Swaggers", "Swaggers", "{913ACEB1-6B79-4C33-93E1-7080097DD888}"
	ProjectSection(SolutionItems) = preProject
		swaggers\swagger.json = swaggers\swagger.json
		swaggers\swaggerV2.json = swaggers\swaggerV2.json
	EndProjectSection
EndProject
Global
	GlobalSection(SolutionConfigurationPlatforms) = preSolution
		Debug|Any CPU = Debug|Any CPU
		Debug|x86 = Debug|x86
		Release|Any CPU = Release|Any CPU
		Release|x86 = Release|x86
	EndGlobalSection
	GlobalSection(ProjectConfigurationPlatforms) = postSolution
		{1EE969AD-7923-4855-AACA-2A1B790BB0F1}.Debug|Any CPU.ActiveCfg = Debug|Any CPU
		{1EE969AD-7923-4855-AACA-2A1B790BB0F1}.Debug|Any CPU.Build.0 = Debug|Any CPU
		{1EE969AD-7923-4855-AACA-2A1B790BB0F1}.Debug|x86.ActiveCfg = Debug|Any CPU
		{1EE969AD-7923-4855-AACA-2A1B790BB0F1}.Debug|x86.Build.0 = Debug|Any CPU
		{1EE969AD-7923-4855-AACA-2A1B790BB0F1}.Release|Any CPU.ActiveCfg = Release|Any CPU
		{1EE969AD-7923-4855-AACA-2A1B790BB0F1}.Release|Any CPU.Build.0 = Release|Any CPU
		{1EE969AD-7923-4855-AACA-2A1B790BB0F1}.Release|x86.ActiveCfg = Release|Any CPU
		{1EE969AD-7923-4855-AACA-2A1B790BB0F1}.Release|x86.Build.0 = Release|Any CPU
		{5B5B3510-BFB9-4C0A-8C3D-970016E20329}.Debug|Any CPU.ActiveCfg = Debug|Any CPU
		{5B5B3510-BFB9-4C0A-8C3D-970016E20329}.Debug|Any CPU.Build.0 = Debug|Any CPU
		{5B5B3510-BFB9-4C0A-8C3D-970016E20329}.Debug|x86.ActiveCfg = Debug|Any CPU
		{5B5B3510-BFB9-4C0A-8C3D-970016E20329}.Debug|x86.Build.0 = Debug|Any CPU
		{5B5B3510-BFB9-4C0A-8C3D-970016E20329}.Release|Any CPU.ActiveCfg = Release|Any CPU
		{5B5B3510-BFB9-4C0A-8C3D-970016E20329}.Release|Any CPU.Build.0 = Release|Any CPU
		{5B5B3510-BFB9-4C0A-8C3D-970016E20329}.Release|x86.ActiveCfg = Release|Any CPU
		{5B5B3510-BFB9-4C0A-8C3D-970016E20329}.Release|x86.Build.0 = Release|Any CPU
	EndGlobalSection
	GlobalSection(SolutionProperties) = preSolution
		HideSolutionNode = FALSE
	EndGlobalSection
	GlobalSection(NestedProjects) = preSolution
		{1EE969AD-7923-4855-AACA-2A1B790BB0F1} = {DCD4C983-2786-41C7-9A9C-36A9462673B4}
		{DCD4C983-2786-41C7-9A9C-36A9462673B4} = {5FD8CA7D-970C-44D6-B18F-ABAE87376D9E}
		{5B5B3510-BFB9-4C0A-8C3D-970016E20329} = {DCD4C983-2786-41C7-9A9C-36A9462673B4}
	EndGlobalSection
	GlobalSection(ExtensibilityGlobals) = postSolution
		SolutionGuid = {4929BD7C-89A8-4A6C-888E-79DF36F2F43E}
	EndGlobalSection
EndGlobal
