
Microsoft Visual Studio Solution File, Format Version 12.00
# Visual Studio 14
VisualStudioVersion = 14.0.24720.0
MinimumVisualStudioVersion = 10.0.40219.1
Project("{FAE04EC0-301F-11D3-BF4B-00C04F79EFBC}") = "PowerBI.Api", "PowerBI.Api\PowerBI.Api.csproj", "{1EE969AD-7923-4855-AACA-2A1B790BB0F1}"
EndProject
Project("{FF286327-C783-4F7A-AB73-9BCBAD0D4460}") = "PowerBI.Api.Nuget", "PowerBI.Api.Nuget\PowerBI.Api.Nuget.nuproj", "{DCFF34F9-B843-4AAA-BE7C-A2975B40D563}"
EndProject
Project("{FAE04EC0-301F-11D3-BF4B-00C04F79EFBC}") = "PowerBI.AspNet.WebForms", "PowerBI.AspNet.WebForms\PowerBI.AspNet.WebForms.csproj", "{8714956B-CCD8-4135-B5EB-F3E9047FFDAD}"
EndProject
Project("{FF286327-C783-4F7A-AB73-9BCBAD0D4460}") = "PowerBI.AspNet.WebForms.Nuget", "PowerBI.AspNet.WebForms.Nuget\PowerBI.AspNet.WebForms.Nuget.nuproj", "{181AAA98-E219-4879-8A4C-03610C2F00A9}"
EndProject
Project("{2150E333-8FDC-42A3-9474-1A3956D46DE8}") = "WebForms", "WebForms", "{77F41647-063E-4924-98CC-8F03BE3393F2}"
EndProject
Project("{2150E333-8FDC-42A3-9474-1A3956D46DE8}") = "MVC", "MVC", "{7000BB2C-E4D6-42F9-A3C5-EFEB03FB725E}"
EndProject
Project("{2150E333-8FDC-42A3-9474-1A3956D46DE8}") = "Api", "Api", "{DCD4C983-2786-41C7-9A9C-36A9462673B4}"
	ProjectSection(SolutionItems) = preProject
		swagger.json = swagger.json
	EndProjectSection
EndProject
Project("{FAE04EC0-301F-11D3-BF4B-00C04F79EFBC}") = "PowerBI.AspNet.Mvc", "PowerBI.AspNet.Mvc\PowerBI.AspNet.Mvc.csproj", "{F42423D2-EE6D-43F3-8CA9-89C300ACE029}"
EndProject
Project("{FF286327-C783-4F7A-AB73-9BCBAD0D4460}") = "PowerBI.AspNet.Mvc.Nuget", "PowerBI.AspNet.Mvc.Nuget\PowerBI.AspNet.Mvc.Nuget.nuproj", "{860CDF64-6545-4B2F-BFC9-D25176434449}"
EndProject
Project("{2150E333-8FDC-42A3-9474-1A3956D46DE8}") = "JavaScript", "JavaScript", "{96AD85C1-2B10-423D-9FD3-F95D7DBE3434}"
EndProject
Project("{FF286327-C783-4F7A-AB73-9BCBAD0D4460}") = "PowerBI.JavaScript.Nuget", "PowerBI.JavaScript.Nuget\PowerBI.JavaScript.Nuget.nuproj", "{4DE9CE62-CDBD-4429-AA7F-F705E5AB2FAC}"
EndProject
Project("{2150E333-8FDC-42A3-9474-1A3956D46DE8}") = "Core", "Core", "{1337D346-EB95-4494-9710-36BCAF7706BB}"
EndProject
Project("{FAE04EC0-301F-11D3-BF4B-00C04F79EFBC}") = "PowerBI.Core", "PowerBI.Core\PowerBI.Core.csproj", "{D418EBBA-AFD1-4987-8960-C64EA13240E7}"
EndProject
Project("{FF286327-C783-4F7A-AB73-9BCBAD0D4460}") = "PowerBI.Core.Nuget", "PowerBI.Core.Nuget\PowerBI.Core.Nuget.nuproj", "{491545A1-326B-446F-A162-D684707BFBD7}"
EndProject
Project("{FAE04EC0-301F-11D3-BF4B-00C04F79EFBC}") = "PowerBI.Core.Tests", "PowerBI.Core.Tests\PowerBI.Core.Tests.csproj", "{0484F097-4CE9-4A42-8F29-536D784408C7}"
EndProject
Project("{FAE04EC0-301F-11D3-BF4B-00C04F79EFBC}") = "PowerBI.AspNet.Mvc.Tests", "PowerBI.AspNet.Mvc.Tests\PowerBI.AspNet.Mvc.Tests.csproj", "{BC29E0D3-6250-4B1A-8B03-C873943D9251}"
EndProject
Project("{2150E333-8FDC-42A3-9474-1A3956D46DE8}") = "Security", "Security", "{4B8B9C5D-C70F-4FA9-9693-361B59921EBC}"
EndProject
Project("{FAE04EC0-301F-11D3-BF4B-00C04F79EFBC}") = "PowerBI.Owin.Security", "PowerBI.Owin.Security\PowerBI.Owin.Security.csproj", "{1C92874A-BA64-4F80-B975-9D2C95BCE9EE}"
EndProject
Project("{FF286327-C783-4F7A-AB73-9BCBAD0D4460}") = "PowerBI.Owin.Security.Nuget", "PowerBI.Owin.Security.Nuget\PowerBI.Owin.Security.Nuget.nuproj", "{17F8FB30-5905-4D71-B902-BA79505601B7}"
EndProject
Project("{FAE04EC0-301F-11D3-BF4B-00C04F79EFBC}") = "PowerBI.Owin.Security.Tests", "PowerBI.Owin.Security.Tests\PowerBI.Owin.Security.Tests.csproj", "{2E22E9DE-2C4A-48BB-9449-CF6FD126EDCA}"
EndProject
Project("{2150E333-8FDC-42A3-9474-1A3956D46DE8}") = "Packages", "Packages", "{5FD8CA7D-970C-44D6-B18F-ABAE87376D9E}"
EndProject
Global
	GlobalSection(SolutionConfigurationPlatforms) = preSolution
		Debug|Any CPU = Debug|Any CPU
		Release|Any CPU = Release|Any CPU
	EndGlobalSection
	GlobalSection(ProjectConfigurationPlatforms) = postSolution
		{1EE969AD-7923-4855-AACA-2A1B790BB0F1}.Debug|Any CPU.ActiveCfg = Debug|Any CPU
		{1EE969AD-7923-4855-AACA-2A1B790BB0F1}.Debug|Any CPU.Build.0 = Debug|Any CPU
		{1EE969AD-7923-4855-AACA-2A1B790BB0F1}.Release|Any CPU.ActiveCfg = Release|Any CPU
		{1EE969AD-7923-4855-AACA-2A1B790BB0F1}.Release|Any CPU.Build.0 = Release|Any CPU
		{DCFF34F9-B843-4AAA-BE7C-A2975B40D563}.Debug|Any CPU.ActiveCfg = Debug|Any CPU
		{DCFF34F9-B843-4AAA-BE7C-A2975B40D563}.Debug|Any CPU.Build.0 = Debug|Any CPU
		{DCFF34F9-B843-4AAA-BE7C-A2975B40D563}.Release|Any CPU.ActiveCfg = Release|Any CPU
		{DCFF34F9-B843-4AAA-BE7C-A2975B40D563}.Release|Any CPU.Build.0 = Release|Any CPU
		{8714956B-CCD8-4135-B5EB-F3E9047FFDAD}.Debug|Any CPU.ActiveCfg = Debug|Any CPU
		{8714956B-CCD8-4135-B5EB-F3E9047FFDAD}.Debug|Any CPU.Build.0 = Debug|Any CPU
		{8714956B-CCD8-4135-B5EB-F3E9047FFDAD}.Release|Any CPU.ActiveCfg = Release|Any CPU
		{8714956B-CCD8-4135-B5EB-F3E9047FFDAD}.Release|Any CPU.Build.0 = Release|Any CPU
		{181AAA98-E219-4879-8A4C-03610C2F00A9}.Debug|Any CPU.ActiveCfg = Debug|Any CPU
		{181AAA98-E219-4879-8A4C-03610C2F00A9}.Debug|Any CPU.Build.0 = Debug|Any CPU
		{181AAA98-E219-4879-8A4C-03610C2F00A9}.Release|Any CPU.ActiveCfg = Release|Any CPU
		{181AAA98-E219-4879-8A4C-03610C2F00A9}.Release|Any CPU.Build.0 = Release|Any CPU
		{F42423D2-EE6D-43F3-8CA9-89C300ACE029}.Debug|Any CPU.ActiveCfg = Debug|Any CPU
		{F42423D2-EE6D-43F3-8CA9-89C300ACE029}.Debug|Any CPU.Build.0 = Debug|Any CPU
		{F42423D2-EE6D-43F3-8CA9-89C300ACE029}.Release|Any CPU.ActiveCfg = Release|Any CPU
		{F42423D2-EE6D-43F3-8CA9-89C300ACE029}.Release|Any CPU.Build.0 = Release|Any CPU
		{860CDF64-6545-4B2F-BFC9-D25176434449}.Debug|Any CPU.ActiveCfg = Debug|Any CPU
		{860CDF64-6545-4B2F-BFC9-D25176434449}.Debug|Any CPU.Build.0 = Debug|Any CPU
		{860CDF64-6545-4B2F-BFC9-D25176434449}.Release|Any CPU.ActiveCfg = Release|Any CPU
		{860CDF64-6545-4B2F-BFC9-D25176434449}.Release|Any CPU.Build.0 = Release|Any CPU
		{4DE9CE62-CDBD-4429-AA7F-F705E5AB2FAC}.Debug|Any CPU.ActiveCfg = Debug|Any CPU
		{4DE9CE62-CDBD-4429-AA7F-F705E5AB2FAC}.Debug|Any CPU.Build.0 = Debug|Any CPU
		{4DE9CE62-CDBD-4429-AA7F-F705E5AB2FAC}.Release|Any CPU.ActiveCfg = Release|Any CPU
		{4DE9CE62-CDBD-4429-AA7F-F705E5AB2FAC}.Release|Any CPU.Build.0 = Release|Any CPU
		{D418EBBA-AFD1-4987-8960-C64EA13240E7}.Debug|Any CPU.ActiveCfg = Debug|Any CPU
		{D418EBBA-AFD1-4987-8960-C64EA13240E7}.Debug|Any CPU.Build.0 = Debug|Any CPU
		{D418EBBA-AFD1-4987-8960-C64EA13240E7}.Release|Any CPU.ActiveCfg = Release|Any CPU
		{D418EBBA-AFD1-4987-8960-C64EA13240E7}.Release|Any CPU.Build.0 = Release|Any CPU
		{491545A1-326B-446F-A162-D684707BFBD7}.Debug|Any CPU.ActiveCfg = Debug|Any CPU
		{491545A1-326B-446F-A162-D684707BFBD7}.Debug|Any CPU.Build.0 = Debug|Any CPU
		{491545A1-326B-446F-A162-D684707BFBD7}.Release|Any CPU.ActiveCfg = Release|Any CPU
		{491545A1-326B-446F-A162-D684707BFBD7}.Release|Any CPU.Build.0 = Release|Any CPU
		{0484F097-4CE9-4A42-8F29-536D784408C7}.Debug|Any CPU.ActiveCfg = Debug|Any CPU
		{0484F097-4CE9-4A42-8F29-536D784408C7}.Debug|Any CPU.Build.0 = Debug|Any CPU
		{0484F097-4CE9-4A42-8F29-536D784408C7}.Release|Any CPU.ActiveCfg = Release|Any CPU
		{0484F097-4CE9-4A42-8F29-536D784408C7}.Release|Any CPU.Build.0 = Release|Any CPU
		{BC29E0D3-6250-4B1A-8B03-C873943D9251}.Debug|Any CPU.ActiveCfg = Debug|Any CPU
		{BC29E0D3-6250-4B1A-8B03-C873943D9251}.Debug|Any CPU.Build.0 = Debug|Any CPU
		{BC29E0D3-6250-4B1A-8B03-C873943D9251}.Release|Any CPU.ActiveCfg = Release|Any CPU
		{BC29E0D3-6250-4B1A-8B03-C873943D9251}.Release|Any CPU.Build.0 = Release|Any CPU
		{1C92874A-BA64-4F80-B975-9D2C95BCE9EE}.Debug|Any CPU.ActiveCfg = Debug|Any CPU
		{1C92874A-BA64-4F80-B975-9D2C95BCE9EE}.Debug|Any CPU.Build.0 = Debug|Any CPU
		{1C92874A-BA64-4F80-B975-9D2C95BCE9EE}.Release|Any CPU.ActiveCfg = Release|Any CPU
		{1C92874A-BA64-4F80-B975-9D2C95BCE9EE}.Release|Any CPU.Build.0 = Release|Any CPU
		{17F8FB30-5905-4D71-B902-BA79505601B7}.Debug|Any CPU.ActiveCfg = Debug|Any CPU
		{17F8FB30-5905-4D71-B902-BA79505601B7}.Debug|Any CPU.Build.0 = Debug|Any CPU
		{17F8FB30-5905-4D71-B902-BA79505601B7}.Release|Any CPU.ActiveCfg = Release|Any CPU
		{17F8FB30-5905-4D71-B902-BA79505601B7}.Release|Any CPU.Build.0 = Release|Any CPU
		{2E22E9DE-2C4A-48BB-9449-CF6FD126EDCA}.Debug|Any CPU.ActiveCfg = Debug|Any CPU
		{2E22E9DE-2C4A-48BB-9449-CF6FD126EDCA}.Debug|Any CPU.Build.0 = Debug|Any CPU
		{2E22E9DE-2C4A-48BB-9449-CF6FD126EDCA}.Release|Any CPU.ActiveCfg = Release|Any CPU
		{2E22E9DE-2C4A-48BB-9449-CF6FD126EDCA}.Release|Any CPU.Build.0 = Release|Any CPU
	EndGlobalSection
	GlobalSection(SolutionProperties) = preSolution
		HideSolutionNode = FALSE
	EndGlobalSection
	GlobalSection(NestedProjects) = preSolution
		{1EE969AD-7923-4855-AACA-2A1B790BB0F1} = {DCD4C983-2786-41C7-9A9C-36A9462673B4}
		{DCFF34F9-B843-4AAA-BE7C-A2975B40D563} = {DCD4C983-2786-41C7-9A9C-36A9462673B4}
		{8714956B-CCD8-4135-B5EB-F3E9047FFDAD} = {77F41647-063E-4924-98CC-8F03BE3393F2}
		{181AAA98-E219-4879-8A4C-03610C2F00A9} = {77F41647-063E-4924-98CC-8F03BE3393F2}
		{77F41647-063E-4924-98CC-8F03BE3393F2} = {5FD8CA7D-970C-44D6-B18F-ABAE87376D9E}
		{7000BB2C-E4D6-42F9-A3C5-EFEB03FB725E} = {5FD8CA7D-970C-44D6-B18F-ABAE87376D9E}
		{DCD4C983-2786-41C7-9A9C-36A9462673B4} = {5FD8CA7D-970C-44D6-B18F-ABAE87376D9E}
		{F42423D2-EE6D-43F3-8CA9-89C300ACE029} = {7000BB2C-E4D6-42F9-A3C5-EFEB03FB725E}
		{860CDF64-6545-4B2F-BFC9-D25176434449} = {7000BB2C-E4D6-42F9-A3C5-EFEB03FB725E}
		{96AD85C1-2B10-423D-9FD3-F95D7DBE3434} = {5FD8CA7D-970C-44D6-B18F-ABAE87376D9E}
		{4DE9CE62-CDBD-4429-AA7F-F705E5AB2FAC} = {96AD85C1-2B10-423D-9FD3-F95D7DBE3434}
		{1337D346-EB95-4494-9710-36BCAF7706BB} = {5FD8CA7D-970C-44D6-B18F-ABAE87376D9E}
		{D418EBBA-AFD1-4987-8960-C64EA13240E7} = {1337D346-EB95-4494-9710-36BCAF7706BB}
		{491545A1-326B-446F-A162-D684707BFBD7} = {1337D346-EB95-4494-9710-36BCAF7706BB}
		{0484F097-4CE9-4A42-8F29-536D784408C7} = {1337D346-EB95-4494-9710-36BCAF7706BB}
		{BC29E0D3-6250-4B1A-8B03-C873943D9251} = {7000BB2C-E4D6-42F9-A3C5-EFEB03FB725E}
		{4B8B9C5D-C70F-4FA9-9693-361B59921EBC} = {5FD8CA7D-970C-44D6-B18F-ABAE87376D9E}
		{1C92874A-BA64-4F80-B975-9D2C95BCE9EE} = {4B8B9C5D-C70F-4FA9-9693-361B59921EBC}
		{17F8FB30-5905-4D71-B902-BA79505601B7} = {4B8B9C5D-C70F-4FA9-9693-361B59921EBC}
		{2E22E9DE-2C4A-48BB-9449-CF6FD126EDCA} = {4B8B9C5D-C70F-4FA9-9693-361B59921EBC}
	EndGlobalSection
EndGlobal
